{
  "requires": true,
  "lockfileVersion": 1,
  "dependencies": {
    "@types/angular": {
      "version": "1.8.3",
      "resolved": "https://registry.npmjs.org/@types/angular/-/angular-1.8.3.tgz",
      "integrity": "sha512-vgc5Z+TD07DT7NEUjFm6XMp0kEbGXIa95XmOL5IiHXR9LdrJpcdDh3jl1nCuZbWyzFn5/1OqtMfomcnA1sUFXQ==",
      "dev": true
    }
  }
}
